
Microsoft Visual Studio Solution File, Format Version 12.00
Project("{FAE04EC0-301F-11D3-BF4B-00C04F79EFBC}") = "NP_PW_4_Client_WPF", "NP_PW_4_Client_WPF\NP_PW_4_Client_WPF.csproj", "{B3C87546-4FD5-4A79-B6D3-C93092A59D66}"
EndProject
Global
	GlobalSection(SolutionConfigurationPlatforms) = preSolution
		Debug|Any CPU = Debug|Any CPU
		Release|Any CPU = Release|Any CPU
	EndGlobalSection
	GlobalSection(ProjectConfigurationPlatforms) = postSolution
		{B3C87546-4FD5-4A79-B6D3-C93092A59D66}.Debug|Any CPU.ActiveCfg = Debug|Any CPU
		{B3C87546-4FD5-4A79-B6D3-C93092A59D66}.Debug|Any CPU.Build.0 = Debug|Any CPU
		{B3C87546-4FD5-4A79-B6D3-C93092A59D66}.Release|Any CPU.ActiveCfg = Release|Any CPU
		{B3C87546-4FD5-4A79-B6D3-C93092A59D66}.Release|Any CPU.Build.0 = Release|Any CPU
	EndGlobalSection
EndGlobal
